
Microsoft Visual Studio Solution File, Format Version 12.00
# Visual Studio Version 17
VisualStudioVersion = 17.0.32112.339
MinimumVisualStudioVersion = 10.0.40219.1
Project("{FAE04EC0-301F-11D3-BF4B-00C04F79EFBC}") = "TestConflictApp", "TestConflictApp\TestConflictApp.csproj", "{EDE5ED4A-1AC7-4B0C-9F1A-574659325D4C}"
EndProject
Global
	GlobalSection(SolutionConfigurationPlatforms) = preSolution
		Debug|Any CPU = Debug|Any CPU
		Release|Any CPU = Release|Any CPU
	EndGlobalSection
	GlobalSection(ProjectConfigurationPlatforms) = postSolution
		{EDE5ED4A-1AC7-4B0C-9F1A-574659325D4C}.Debug|Any CPU.ActiveCfg = Debug|Any CPU
		{EDE5ED4A-1AC7-4B0C-9F1A-574659325D4C}.Debug|Any CPU.Build.0 = Debug|Any CPU
		{EDE5ED4A-1AC7-4B0C-9F1A-574659325D4C}.Release|Any CPU.ActiveCfg = Release|Any CPU
		{EDE5ED4A-1AC7-4B0C-9F1A-574659325D4C}.Release|Any CPU.Build.0 = Release|Any CPU
	EndGlobalSection
	GlobalSection(SolutionProperties) = preSolution
		HideSolutionNode = FALSE
	EndGlobalSection
	GlobalSection(ExtensibilityGlobals) = postSolution
		SolutionGuid = {B79E9181-F357-48A5-BF91-FE4820E5B349}
	EndGlobalSection
EndGlobal
